
Microsoft Visual Studio Solution File, Format Version 12.00
# Visual Studio 2012
Project("{FAE04EC0-301F-11D3-BF4B-00C04F79EFBC}") = "ITAD-2012", "ITAD-2012\ITAD-2012.csproj", "{FE37590F-8C02-4632-A2F3-1BD9E26AFA4C}"
EndProject
Global
	GlobalSection(SolutionConfigurationPlatforms) = preSolution
		Debug|Any CPU = Debug|Any CPU
		Release|Any CPU = Release|Any CPU
	EndGlobalSection
	GlobalSection(ProjectConfigurationPlatforms) = postSolution
		{FE37590F-8C02-4632-A2F3-1BD9E26AFA4C}.Debug|Any CPU.ActiveCfg = Debug|Any CPU
		{FE37590F-8C02-4632-A2F3-1BD9E26AFA4C}.Debug|Any CPU.Build.0 = Debug|Any CPU
		{FE37590F-8C02-4632-A2F3-1BD9E26AFA4C}.Release|Any CPU.ActiveCfg = Release|Any CPU
		{FE37590F-8C02-4632-A2F3-1BD9E26AFA4C}.Release|Any CPU.Build.0 = Release|Any CPU
	EndGlobalSection
	GlobalSection(SolutionProperties) = preSolution
		HideSolutionNode = FALSE
	EndGlobalSection
EndGlobal
